<?xml version="1.0" encoding="UTF-8"?>
<!DOCTYPE plist PUBLIC "-//Apple//DTD PLIST 1.0//EN" "http://www.apple.com/DTDs/PropertyList-1.0.dtd">
<plist version="1.0">
<dict>
	<key>archiveVersion</key>
	<string>1</string>
	<key>classes</key>
	<dict/>
	<key>objectVersion</key>
	<string>46</string>
	<key>objects</key>
	<dict>
		<key>2098EC3F321B456F9116EFFE</key>
		<dict>
			<key>buildActionMask</key>
			<string>2147483647</string>
			<key>files</key>
			<array/>
			<key>inputPaths</key>
			<array/>
			<key>isa</key>
			<string>PBXShellScriptBuildPhase</string>
			<key>name</key>
			<string>Copy Pods Resources</string>
			<key>outputPaths</key>
			<array/>
			<key>runOnlyForDeploymentPostprocessing</key>
			<string>0</string>
			<key>shellPath</key>
			<string>/bin/sh</string>
			<key>shellScript</key>
			<string>"${SRCROOT}/Pods/Pods-resources.sh"
</string>
			<key>showEnvVarsInLog</key>
			<string>0</string>
		</dict>
		<key>78D697AF1546ECD800B5365E</key>
		<dict>
			<key>isa</key>
			<string>PBXFileReference</string>
			<key>lastKnownFileType</key>
			<string>image.png</string>
			<key>path</key>
			<string>Icon.png</string>
			<key>sourceTree</key>
			<string>&lt;group&gt;</string>
		</dict>
		<key>78D697B01546ECD800B5365E</key>
		<dict>
			<key>fileRef</key>
			<string>78D697AF1546ECD800B5365E</string>
			<key>isa</key>
			<string>PBXBuildFile</string>
		</dict>
		<key>78D697B21546ECE400B5365E</key>
		<dict>
			<key>isa</key>
			<string>PBXFileReference</string>
			<key>lastKnownFileType</key>
			<string>image.png</string>
			<key>path</key>
			<string>Icon@2x.png</string>
			<key>sourceTree</key>
			<string>&lt;group&gt;</string>
		</dict>
		<key>78D697B31546ECE400B5365E</key>
		<dict>
			<key>fileRef</key>
			<string>78D697B21546ECE400B5365E</string>
			<key>isa</key>
			<string>PBXBuildFile</string>
		</dict>
		<key>9136C773BFB447D29DB1E73B</key>
		<dict>
			<key>includeInIndex</key>
			<string>1</string>
			<key>isa</key>
			<string>PBXFileReference</string>
			<key>lastKnownFileType</key>
			<string>text.xcconfig</string>
			<key>name</key>
			<string>Pods.xcconfig</string>
			<key>path</key>
			<string>Pods/Pods.xcconfig</string>
			<key>sourceTree</key>
			<string>&lt;group&gt;</string>
		</dict>
		<key>A44131DC173A8E2200448082</key>
		<dict>
			<key>isa</key>
			<string>PBXFileReference</string>
			<key>lastKnownFileType</key>
			<string>image.jpeg</string>
			<key>path</key>
			<string>res7.jpg</string>
			<key>sourceTree</key>
			<string>SOURCE_ROOT</string>
		</dict>
		<key>A44131DD173A8E2200448082</key>
		<dict>
			<key>fileRef</key>
			<string>A44131DC173A8E2200448082</string>
			<key>isa</key>
			<string>PBXBuildFile</string>
		</dict>
		<key>A4425FA71745E9510093C3AE</key>
		<dict>
			<key>isa</key>
			<string>PBXFileReference</string>
			<key>lastKnownFileType</key>
			<string>image.pdf</string>
			<key>path</key>
			<string>ML.pdf</string>
			<key>sourceTree</key>
			<string>SOURCE_ROOT</string>
		</dict>
		<key>A4425FA81745E9510093C3AE</key>
		<dict>
			<key>fileRef</key>
			<string>A4425FA71745E9510093C3AE</string>
			<key>isa</key>
			<string>PBXBuildFile</string>
		</dict>
		<key>A49C6BB91715D55B00DBC2AE</key>
		<dict>
			<key>isa</key>
			<string>PBXFileReference</string>
			<key>lastKnownFileType</key>
			<string>image.png</string>
			<key>path</key>
			<string>Default-568h@2x.png</string>
			<key>sourceTree</key>
			<string>&lt;group&gt;</string>
		</dict>
		<key>A49C6BBA1715D55B00DBC2AE</key>
		<dict>
			<key>isa</key>
			<string>PBXFileReference</string>
			<key>lastKnownFileType</key>
			<string>image.png</string>
			<key>path</key>
			<string>Default.png</string>
			<key>sourceTree</key>
			<string>&lt;group&gt;</string>
		</dict>
		<key>A49C6BBB1715D55B00DBC2AE</key>
		<dict>
			<key>isa</key>
			<string>PBXFileReference</string>
			<key>lastKnownFileType</key>
			<string>image.png</string>
			<key>path</key>
			<string>Default@2x.png</string>
			<key>sourceTree</key>
			<string>&lt;group&gt;</string>
		</dict>
		<key>A49C6BBC1715D55B00DBC2AE</key>
		<dict>
			<key>fileRef</key>
			<string>A49C6BB91715D55B00DBC2AE</string>
			<key>isa</key>
			<string>PBXBuildFile</string>
		</dict>
		<key>A49C6BBD1715D55B00DBC2AE</key>
		<dict>
			<key>fileRef</key>
			<string>A49C6BBA1715D55B00DBC2AE</string>
			<key>isa</key>
			<string>PBXBuildFile</string>
		</dict>
		<key>A49C6BBE1715D55B00DBC2AE</key>
		<dict>
			<key>fileRef</key>
			<string>A49C6BBB1715D55B00DBC2AE</string>
			<key>isa</key>
			<string>PBXBuildFile</string>
		</dict>
		<key>A4ED0CEC1719CF2E00300C37</key>
		<dict>
			<key>isa</key>
			<string>PBXFileReference</string>
			<key>lastKnownFileType</key>
			<string>image.png</string>
			<key>path</key>
			<string>res2.png</string>
			<key>sourceTree</key>
			<string>SOURCE_ROOT</string>
		</dict>
		<key>A4ED0CED1719CF2E00300C37</key>
		<dict>
			<key>fileRef</key>
			<string>A4ED0CEC1719CF2E00300C37</string>
			<key>isa</key>
			<string>PBXBuildFile</string>
		</dict>
		<key>A4ED0CEF1719D2D300300C37</key>
		<dict>
			<key>isa</key>
			<string>PBXFileReference</string>
			<key>lastKnownFileType</key>
			<string>image.jpeg</string>
			<key>path</key>
			<string>res5.jpg</string>
			<key>sourceTree</key>
			<string>SOURCE_ROOT</string>
		</dict>
		<key>A4ED0CF01719D2D300300C37</key>
		<dict>
			<key>isa</key>
			<string>PBXFileReference</string>
			<key>lastKnownFileType</key>
			<string>image.png</string>
			<key>path</key>
			<string>res5thumb.png</string>
			<key>sourceTree</key>
			<string>SOURCE_ROOT</string>
		</dict>
		<key>A4ED0CF11719D2D300300C37</key>
		<dict>
			<key>fileRef</key>
			<string>A4ED0CEF1719D2D300300C37</string>
			<key>isa</key>
			<string>PBXBuildFile</string>
		</dict>
		<key>A4ED0CF21719D2D300300C37</key>
		<dict>
			<key>fileRef</key>
			<string>A4ED0CF01719D2D300300C37</string>
			<key>isa</key>
			<string>PBXBuildFile</string>
		</dict>
		<key>B49A76598ECA483EBEBF0B36</key>
		<dict>
			<key>explicitFileType</key>
			<string>archive.ar</string>
			<key>includeInIndex</key>
			<string>0</string>
			<key>isa</key>
			<string>PBXFileReference</string>
			<key>path</key>
			<string>libPods.a</string>
			<key>sourceTree</key>
			<string>BUILT_PRODUCTS_DIR</string>
		</dict>
		<key>BC9A6DC84B214AA496A6B062</key>
		<dict>
			<key>buildActionMask</key>
			<string>2147483647</string>
			<key>files</key>
			<array/>
			<key>inputPaths</key>
			<array/>
			<key>isa</key>
			<string>PBXShellScriptBuildPhase</string>
			<key>name</key>
			<string>Check Pods Manifest.lock</string>
			<key>outputPaths</key>
			<array/>
			<key>runOnlyForDeploymentPostprocessing</key>
			<string>0</string>
			<key>shellPath</key>
			<string>/bin/sh</string>
			<key>shellScript</key>
			<string>diff "${PODS_ROOT}/../Podfile.lock" "${PODS_ROOT}/Manifest.lock" &gt; /dev/null
if [[ $? != 0 ]] ; then
    cat &lt;&lt; EOM
error: The sandbox is not in sync with the Podfile.lock. Run 'pod install' or update your CocoaPods installation.
EOM
    exit 1
fi
</string>
			<key>showEnvVarsInLog</key>
			<string>0</string>
		</dict>
		<key>C629F8AD15CB7A9D0000F777</key>
		<dict>
			<key>isa</key>
			<string>PBXFileReference</string>
			<key>lastKnownFileType</key>
			<string>image.gif</string>
			<key>path</key>
			<string>lindan.gif</string>
			<key>sourceTree</key>
			<string>SOURCE_ROOT</string>
		</dict>
		<key>C629F8AE15CB7A9D0000F777</key>
		<dict>
			<key>fileRef</key>
			<string>C629F8AD15CB7A9D0000F777</string>
			<key>isa</key>
			<string>PBXBuildFile</string>
		</dict>
		<key>C629F8DC15CBF8E00000F777</key>
		<dict>
			<key>isa</key>
			<string>PBXFileReference</string>
			<key>lastKnownFileType</key>
			<string>image.jpeg</string>
			<key>path</key>
			<string>res2.jpg</string>
			<key>sourceTree</key>
			<string>SOURCE_ROOT</string>
		</dict>
		<key>C629F8DD15CBF8E00000F777</key>
		<dict>
			<key>fileRef</key>
			<string>C629F8DC15CBF8E00000F777</string>
			<key>isa</key>
			<string>PBXBuildFile</string>
		</dict>
		<key>C629F93615CFE42E0000F777</key>
		<dict>
			<key>isa</key>
			<string>PBXFileReference</string>
			<key>lastKnownFileType</key>
			<string>image.png</string>
			<key>path</key>
			<string>res6thumb.png</string>
			<key>sourceTree</key>
			<string>SOURCE_ROOT</string>
		</dict>
		<key>C629F93715CFE42F0000F777</key>
		<dict>
			<key>fileRef</key>
			<string>C629F93615CFE42E0000F777</string>
			<key>isa</key>
			<string>PBXBuildFile</string>
		</dict>
		<key>C629F93815CFE4C50000F777</key>
		<dict>
			<key>isa</key>
			<string>PBXFileReference</string>
			<key>lastKnownFileType</key>
			<string>image.png</string>
			<key>path</key>
			<string>res1thumb.png</string>
			<key>sourceTree</key>
			<string>SOURCE_ROOT</string>
		</dict>
		<key>C629F93915CFE4C50000F777</key>
		<dict>
			<key>fileRef</key>
			<string>C629F93815CFE4C50000F777</string>
			<key>isa</key>
			<string>PBXBuildFile</string>
		</dict>
		<key>C6C01DC41532D32A00DF6A71</key>
		<dict>
			<key>fileEncoding</key>
			<string>4</string>
			<key>isa</key>
			<string>PBXFileReference</string>
			<key>lastKnownFileType</key>
			<string>sourcecode.c.h</string>
			<key>path</key>
			<string>RespForWeChatViewController.h</string>
			<key>sourceTree</key>
			<string>SOURCE_ROOT</string>
		</dict>
		<key>C6C01DC51532D32A00DF6A71</key>
		<dict>
			<key>fileEncoding</key>
			<string>4</string>
			<key>isa</key>
			<string>PBXFileReference</string>
			<key>lastKnownFileType</key>
			<string>sourcecode.cpp.objcpp</string>
			<key>path</key>
			<string>RespForWeChatViewController.mm</string>
			<key>sourceTree</key>
			<string>SOURCE_ROOT</string>
		</dict>
		<key>C6C01DC61532D32A00DF6A71</key>
		<dict>
			<key>fileRef</key>
			<string>C6C01DC51532D32A00DF6A71</string>
			<key>isa</key>
			<string>PBXBuildFile</string>
		</dict>
		<key>C6DA29AA15C01537000DCA44</key>
		<dict>
			<key>isa</key>
			<string>PBXFileReference</string>
			<key>lastKnownFileType</key>
			<string>image.gif</string>
			<key>path</key>
			<string>res6.gif</string>
			<key>sourceTree</key>
			<string>SOURCE_ROOT</string>
		</dict>
		<key>C6DA29AB15C01537000DCA44</key>
		<dict>
			<key>fileRef</key>
			<string>C6DA29AA15C01537000DCA44</string>
			<key>isa</key>
			<string>PBXBuildFile</string>
		</dict>
		<key>C6E11F4C15333879009E8803</key>
		<dict>
			<key>children</key>
			<array>
				<string>78D697B21546ECE400B5365E</string>
				<string>A49C6BB91715D55B00DBC2AE</string>
				<string>A49C6BBA1715D55B00DBC2AE</string>
				<string>A49C6BBB1715D55B00DBC2AE</string>
				<string>78D697AF1546ECD800B5365E</string>
				<string>C6E11F4E15333898009E8803</string>
			</array>
			<key>isa</key>
			<string>PBXGroup</string>
			<key>name</key>
			<string>Resources</string>
			<key>sourceTree</key>
			<string>&lt;group&gt;</string>
		</dict>
		<key>C6E11F4E15333898009E8803</key>
		<dict>
			<key>isa</key>
			<string>PBXFileReference</string>
			<key>lastKnownFileType</key>
			<string>image.png</string>
			<key>path</key>
			<string>micro_messenger.png</string>
			<key>sourceTree</key>
			<string>&lt;group&gt;</string>
		</dict>
		<key>C6E11F4F15333898009E8803</key>
		<dict>
			<key>fileRef</key>
			<string>C6E11F4E15333898009E8803</string>
			<key>isa</key>
			<string>PBXBuildFile</string>
		</dict>
		<key>C998324C39F1485CA49DC111</key>
		<dict>
			<key>fileRef</key>
			<string>B49A76598ECA483EBEBF0B36</string>
			<key>isa</key>
			<string>PBXBuildFile</string>
		</dict>
		<key>F050298E1505F71700C3E5E5</key>
		<dict>
			<key>children</key>
			<array>
				<string>F05029A31505F71800C3E5E5</string>
				<string>C6E11F4C15333879009E8803</string>
				<string>F050299C1505F71800C3E5E5</string>
				<string>F050299A1505F71700C3E5E5</string>
				<string>9136C773BFB447D29DB1E73B</string>
			</array>
			<key>isa</key>
			<string>PBXGroup</string>
			<key>sourceTree</key>
			<string>&lt;group&gt;</string>
		</dict>
		<key>F05029901505F71700C3E5E5</key>
		<dict>
			<key>attributes</key>
			<dict>
				<key>LastUpgradeCheck</key>
				<string>0420</string>
			</dict>
			<key>buildConfigurationList</key>
			<string>F05029931505F71700C3E5E5</string>
			<key>compatibilityVersion</key>
			<string>Xcode 3.2</string>
			<key>developmentRegion</key>
			<string>English</string>
			<key>hasScannedForEncodings</key>
			<string>0</string>
			<key>isa</key>
			<string>PBXProject</string>
			<key>knownRegions</key>
			<array>
				<string>en</string>
			</array>
			<key>mainGroup</key>
			<string>F050298E1505F71700C3E5E5</string>
			<key>productRefGroup</key>
			<string>F050299A1505F71700C3E5E5</string>
			<key>projectDirPath</key>
			<string></string>
			<key>projectReferences</key>
			<array/>
			<key>projectRoot</key>
			<string></string>
			<key>targets</key>
			<array>
				<string>F05029981505F71700C3E5E5</string>
			</array>
		</dict>
		<key>F05029931505F71700C3E5E5</key>
		<dict>
			<key>buildConfigurations</key>
			<array>
				<string>F05029B81505F71800C3E5E5</string>
				<string>F05029B91505F71800C3E5E5</string>
			</array>
			<key>defaultConfigurationIsVisible</key>
			<string>0</string>
			<key>defaultConfigurationName</key>
			<string>Release</string>
			<key>isa</key>
			<string>XCConfigurationList</string>
		</dict>
		<key>F05029951505F71700C3E5E5</key>
		<dict>
			<key>buildActionMask</key>
			<string>2147483647</string>
			<key>files</key>
			<array>
				<string>F0502A331505FE2300C3E5E5</string>
				<string>F0502A391505FE3D00C3E5E5</string>
				<string>F0502A3A1505FE3D00C3E5E5</string>
				<string>C6C01DC61532D32A00DF6A71</string>
			</array>
			<key>isa</key>
			<string>PBXSourcesBuildPhase</string>
			<key>runOnlyForDeploymentPostprocessing</key>
			<string>0</string>
		</dict>
		<key>F05029961505F71700C3E5E5</key>
		<dict>
			<key>buildActionMask</key>
			<string>2147483647</string>
			<key>files</key>
			<array>
				<string>F050299E1505F71800C3E5E5</string>
				<string>F05029A01505F71800C3E5E5</string>
				<string>F05029A21505F71800C3E5E5</string>
				<string>C998324C39F1485CA49DC111</string>
			</array>
			<key>isa</key>
			<string>PBXFrameworksBuildPhase</string>
			<key>runOnlyForDeploymentPostprocessing</key>
			<string>0</string>
		</dict>
		<key>F05029971505F71700C3E5E5</key>
		<dict>
			<key>buildActionMask</key>
			<string>2147483647</string>
			<key>files</key>
			<array>
				<string>F0502A341505FE2300C3E5E5</string>
				<string>F0502A411506011100C3E5E5</string>
				<string>F0502A421506011100C3E5E5</string>
				<string>F0502A431506011100C3E5E5</string>
				<string>F0A815231514726A00F72842</string>
				<string>F0A815251514726A00F72842</string>
				<string>F0A815261514726A00F72842</string>
				<string>C6E11F4F15333898009E8803</string>
				<string>78D697B01546ECD800B5365E</string>
				<string>78D697B31546ECE400B5365E</string>
				<string>C6DA29AB15C01537000DCA44</string>
				<string>C629F8AE15CB7A9D0000F777</string>
				<string>C629F8DD15CBF8E00000F777</string>
				<string>C629F93715CFE42F0000F777</string>
				<string>C629F93915CFE4C50000F777</string>
				<string>A49C6BBC1715D55B00DBC2AE</string>
				<string>A49C6BBD1715D55B00DBC2AE</string>
				<string>A49C6BBE1715D55B00DBC2AE</string>
				<string>A4ED0CED1719CF2E00300C37</string>
				<string>A4ED0CF11719D2D300300C37</string>
				<string>A4ED0CF21719D2D300300C37</string>
				<string>A44131DD173A8E2200448082</string>
				<string>A4425FA81745E9510093C3AE</string>
			</array>
			<key>isa</key>
			<string>PBXResourcesBuildPhase</string>
			<key>runOnlyForDeploymentPostprocessing</key>
			<string>0</string>
		</dict>
		<key>F05029981505F71700C3E5E5</key>
		<dict>
			<key>buildConfigurationList</key>
			<string>F05029BA1505F71800C3E5E5</string>
			<key>buildPhases</key>
			<array>
				<string>BC9A6DC84B214AA496A6B062</string>
				<string>F05029951505F71700C3E5E5</string>
				<string>F05029961505F71700C3E5E5</string>
				<string>F05029971505F71700C3E5E5</string>
				<string>2098EC3F321B456F9116EFFE</string>
			</array>
			<key>buildRules</key>
			<array/>
			<key>dependencies</key>
			<array/>
			<key>isa</key>
			<string>PBXNativeTarget</string>
			<key>name</key>
			<string>SDKSample</string>
			<key>productName</key>
			<string>SDKSample</string>
			<key>productReference</key>
			<string>F05029991505F71700C3E5E5</string>
			<key>productType</key>
			<string>com.apple.product-type.application</string>
		</dict>
		<key>F05029991505F71700C3E5E5</key>
		<dict>
			<key>explicitFileType</key>
			<string>wrapper.application</string>
			<key>includeInIndex</key>
			<string>0</string>
			<key>isa</key>
			<string>PBXFileReference</string>
			<key>path</key>
			<string>SDKSample.app</string>
			<key>sourceTree</key>
			<string>BUILT_PRODUCTS_DIR</string>
		</dict>
		<key>F050299A1505F71700C3E5E5</key>
		<dict>
			<key>children</key>
			<array>
				<string>F05029991505F71700C3E5E5</string>
			</array>
			<key>isa</key>
			<string>PBXGroup</string>
			<key>name</key>
			<string>Products</string>
			<key>sourceTree</key>
			<string>&lt;group&gt;</string>
		</dict>
		<key>F050299C1505F71800C3E5E5</key>
		<dict>
			<key>children</key>
			<array>
				<string>F050299D1505F71800C3E5E5</string>
				<string>F050299F1505F71800C3E5E5</string>
				<string>F05029A11505F71800C3E5E5</string>
				<string>B49A76598ECA483EBEBF0B36</string>
			</array>
			<key>isa</key>
			<string>PBXGroup</string>
			<key>name</key>
			<string>Frameworks</string>
			<key>sourceTree</key>
			<string>&lt;group&gt;</string>
		</dict>
		<key>F050299D1505F71800C3E5E5</key>
		<dict>
			<key>isa</key>
			<string>PBXFileReference</string>
			<key>lastKnownFileType</key>
			<string>wrapper.framework</string>
			<key>name</key>
			<string>UIKit.framework</string>
			<key>path</key>
			<string>System/Library/Frameworks/UIKit.framework</string>
			<key>sourceTree</key>
			<string>SDKROOT</string>
		</dict>
		<key>F050299E1505F71800C3E5E5</key>
		<dict>
			<key>fileRef</key>
			<string>F050299D1505F71800C3E5E5</string>
			<key>isa</key>
			<string>PBXBuildFile</string>
		</dict>
		<key>F050299F1505F71800C3E5E5</key>
		<dict>
			<key>isa</key>
			<string>PBXFileReference</string>
			<key>lastKnownFileType</key>
			<string>wrapper.framework</string>
			<key>name</key>
			<string>Foundation.framework</string>
			<key>path</key>
			<string>System/Library/Frameworks/Foundation.framework</string>
			<key>sourceTree</key>
			<string>SDKROOT</string>
		</dict>
		<key>F05029A01505F71800C3E5E5</key>
		<dict>
			<key>fileRef</key>
			<string>F050299F1505F71800C3E5E5</string>
			<key>isa</key>
			<string>PBXBuildFile</string>
		</dict>
		<key>F05029A11505F71800C3E5E5</key>
		<dict>
			<key>isa</key>
			<string>PBXFileReference</string>
			<key>lastKnownFileType</key>
			<string>wrapper.framework</string>
			<key>name</key>
			<string>CoreGraphics.framework</string>
			<key>path</key>
			<string>System/Library/Frameworks/CoreGraphics.framework</string>
			<key>sourceTree</key>
			<string>SDKROOT</string>
		</dict>
		<key>F05029A21505F71800C3E5E5</key>
		<dict>
			<key>fileRef</key>
			<string>F05029A11505F71800C3E5E5</string>
			<key>isa</key>
			<string>PBXBuildFile</string>
		</dict>
		<key>F05029A31505F71800C3E5E5</key>
		<dict>
			<key>children</key>
			<array>
				<string>F0502A351505FE3D00C3E5E5</string>
				<string>F0502A361505FE3D00C3E5E5</string>
				<string>F0502A371505FE3D00C3E5E5</string>
				<string>F0502A381505FE3D00C3E5E5</string>
				<string>C6C01DC41532D32A00DF6A71</string>
				<string>C6C01DC51532D32A00DF6A71</string>
				<string>F05029A41505F71800C3E5E5</string>
			</array>
			<key>isa</key>
			<string>PBXGroup</string>
			<key>path</key>
			<string>SDKSample</string>
			<key>sourceTree</key>
			<string>&lt;group&gt;</string>
		</dict>
		<key>F05029A41505F71800C3E5E5</key>
		<dict>
			<key>children</key>
			<array>
				<string>A4425FA71745E9510093C3AE</string>
				<string>A44131DC173A8E2200448082</string>
				<string>F0A8151F1514726A00F72842</string>
				<string>C629F93815CFE4C50000F777</string>
				<string>A4ED0CEC1719CF2E00300C37</string>
				<string>C629F8DC15CBF8E00000F777</string>
				<string>F0A815211514726A00F72842</string>
				<string>F0A815221514726A00F72842</string>
				<string>A4ED0CEF1719D2D300300C37</string>
				<string>A4ED0CF01719D2D300300C37</string>
				<string>C629F93615CFE42E0000F777</string>
				<string>C6DA29AA15C01537000DCA44</string>
				<string>C629F8AD15CB7A9D0000F777</string>
				<string>F0502A3B1506011100C3E5E5</string>
				<string>F0502A3D1506011100C3E5E5</string>
				<string>F0502A3F1506011100C3E5E5</string>
				<string>F0502A301505FE2300C3E5E5</string>
				<string>F0502A311505FE2300C3E5E5</string>
				<string>F0502A321505FE2300C3E5E5</string>
			</array>
			<key>isa</key>
			<string>PBXGroup</string>
			<key>name</key>
			<string>Supporting Files</string>
			<key>sourceTree</key>
			<string>&lt;group&gt;</string>
		</dict>
		<key>F05029B81505F71800C3E5E5</key>
		<dict>
			<key>buildSettings</key>
			<dict>
				<key>ALWAYS_SEARCH_USER_PATHS</key>
				<string>NO</string>
				<key>ARCHS</key>
				<string>$(ARCHS_STANDARD_32_BIT)</string>
				<key>CODE_SIGN_IDENTITY</key>
				<string>iPhone Developer</string>
				<key>CODE_SIGN_IDENTITY[sdk=iphoneos*]</key>
				<string>iPhone Developer</string>
				<key>COPY_PHASE_STRIP</key>
				<string>NO</string>
				<key>GCC_C_LANGUAGE_STANDARD</key>
				<string>gnu99</string>
				<key>GCC_DYNAMIC_NO_PIC</key>
				<string>NO</string>
				<key>GCC_OPTIMIZATION_LEVEL</key>
				<string>0</string>
				<key>GCC_PREPROCESSOR_DEFINITIONS</key>
				<array>
					<string>DEBUG=1</string>
					<string>$(inherited)</string>
				</array>
				<key>GCC_SYMBOLS_PRIVATE_EXTERN</key>
				<string>NO</string>
				<key>GCC_VERSION</key>
				<string>com.apple.compilers.llvm.clang.1_0</string>
				<key>GCC_WARN_ABOUT_MISSING_PROTOTYPES</key>
				<string>YES</string>
				<key>GCC_WARN_ABOUT_RETURN_TYPE</key>
				<string>YES</string>
				<key>GCC_WARN_UNUSED_VARIABLE</key>
				<string>YES</string>
				<key>IPHONEOS_DEPLOYMENT_TARGET</key>
				<string>3.0</string>
				<key>PROVISIONING_PROFILE</key>
				<string></string>
				<key>SDKROOT</key>
				<string>iphoneos</string>
				<key>TARGETED_DEVICE_FAMILY</key>
				<string>1,2</string>
			</dict>
			<key>isa</key>
			<string>XCBuildConfiguration</string>
			<key>name</key>
			<string>Debug</string>
		</dict>
		<key>F05029B91505F71800C3E5E5</key>
		<dict>
			<key>buildSettings</key>
			<dict>
				<key>ALWAYS_SEARCH_USER_PATHS</key>
				<string>NO</string>
				<key>ARCHS</key>
				<string>$(ARCHS_STANDARD_32_BIT)</string>
				<key>CODE_SIGN_IDENTITY</key>
				<string>iPhone Developer</string>
				<key>CODE_SIGN_IDENTITY[sdk=iphoneos*]</key>
				<string>iPhone Developer</string>
				<key>COPY_PHASE_STRIP</key>
				<string>YES</string>
				<key>GCC_C_LANGUAGE_STANDARD</key>
				<string>gnu99</string>
				<key>GCC_VERSION</key>
				<string>com.apple.compilers.llvm.clang.1_0</string>
				<key>GCC_WARN_ABOUT_MISSING_PROTOTYPES</key>
				<string>YES</string>
				<key>GCC_WARN_ABOUT_RETURN_TYPE</key>
				<string>YES</string>
				<key>GCC_WARN_UNUSED_VARIABLE</key>
				<string>YES</string>
				<key>IPHONEOS_DEPLOYMENT_TARGET</key>
				<string>3.0</string>
				<key>OTHER_CFLAGS</key>
				<string>-DNS_BLOCK_ASSERTIONS=1</string>
				<key>PROVISIONING_PROFILE</key>
				<string></string>
				<key>SDKROOT</key>
				<string>iphoneos</string>
				<key>TARGETED_DEVICE_FAMILY</key>
				<string>1,2</string>
				<key>VALIDATE_PRODUCT</key>
				<string>YES</string>
			</dict>
			<key>isa</key>
			<string>XCBuildConfiguration</string>
			<key>name</key>
			<string>Release</string>
		</dict>
		<key>F05029BA1505F71800C3E5E5</key>
		<dict>
			<key>buildConfigurations</key>
			<array>
				<string>F05029BB1505F71800C3E5E5</string>
				<string>F05029BC1505F71800C3E5E5</string>
			</array>
			<key>defaultConfigurationIsVisible</key>
			<string>0</string>
			<key>defaultConfigurationName</key>
			<string>Release</string>
			<key>isa</key>
			<string>XCConfigurationList</string>
		</dict>
		<key>F05029BB1505F71800C3E5E5</key>
		<dict>
			<key>baseConfigurationReference</key>
			<string>9136C773BFB447D29DB1E73B</string>
			<key>buildSettings</key>
			<dict>
				<key>CODE_SIGN_IDENTITY</key>
				<string>iPhone Developer</string>
				<key>GCC_PRECOMPILE_PREFIX_HEADER</key>
				<string>YES</string>
				<key>GCC_PREFIX_HEADER</key>
				<string>SDKSample-Prefix.pch</string>
				<key>INFOPLIST_FILE</key>
				<string>SDKSample-Info.plist</string>
				<key>IPHONEOS_DEPLOYMENT_TARGET</key>
				<string>4.3</string>
				<key>LIBRARY_SEARCH_PATHS</key>
				<array>
					<string>$(inherited)</string>
					<string>"$(SRCROOT)/../SDKExport"</string>
				</array>
				<key>PRODUCT_NAME</key>
				<string>$(TARGET_NAME)</string>
				<key>PROVISIONING_PROFILE</key>
				<string></string>
				<key>WRAPPER_EXTENSION</key>
				<string>app</string>
			</dict>
			<key>isa</key>
			<string>XCBuildConfiguration</string>
			<key>name</key>
			<string>Debug</string>
		</dict>
		<key>F05029BC1505F71800C3E5E5</key>
		<dict>
			<key>baseConfigurationReference</key>
			<string>9136C773BFB447D29DB1E73B</string>
			<key>buildSettings</key>
			<dict>
				<key>CODE_SIGN_IDENTITY</key>
				<string>iPhone Developer</string>
				<key>GCC_PRECOMPILE_PREFIX_HEADER</key>
				<string>YES</string>
				<key>GCC_PREFIX_HEADER</key>
				<string>SDKSample-Prefix.pch</string>
				<key>INFOPLIST_FILE</key>
				<string>SDKSample-Info.plist</string>
				<key>IPHONEOS_DEPLOYMENT_TARGET</key>
				<string>4.3</string>
				<key>LIBRARY_SEARCH_PATHS</key>
				<array>
					<string>$(inherited)</string>
					<string>"$(SRCROOT)/../SDKExport"</string>
				</array>
				<key>PRODUCT_NAME</key>
				<string>$(TARGET_NAME)</string>
				<key>PROVISIONING_PROFILE</key>
				<string></string>
				<key>WRAPPER_EXTENSION</key>
				<string>app</string>
			</dict>
			<key>isa</key>
			<string>XCBuildConfiguration</string>
			<key>name</key>
			<string>Release</string>
		</dict>
		<key>F0502A301505FE2300C3E5E5</key>
		<dict>
			<key>fileEncoding</key>
			<string>4</string>
			<key>isa</key>
			<string>PBXFileReference</string>
			<key>lastKnownFileType</key>
			<string>sourcecode.c.objc</string>
			<key>path</key>
			<string>main.m</string>
			<key>sourceTree</key>
			<string>SOURCE_ROOT</string>
		</dict>
		<key>F0502A311505FE2300C3E5E5</key>
		<dict>
			<key>fileEncoding</key>
			<string>4</string>
			<key>isa</key>
			<string>PBXFileReference</string>
			<key>lastKnownFileType</key>
			<string>text.plist.xml</string>
			<key>path</key>
			<string>SDKSample-Info.plist</string>
			<key>sourceTree</key>
			<string>SOURCE_ROOT</string>
		</dict>
		<key>F0502A321505FE2300C3E5E5</key>
		<dict>
			<key>fileEncoding</key>
			<string>4</string>
			<key>isa</key>
			<string>PBXFileReference</string>
			<key>lastKnownFileType</key>
			<string>sourcecode.c.h</string>
			<key>path</key>
			<string>SDKSample-Prefix.pch</string>
			<key>sourceTree</key>
			<string>SOURCE_ROOT</string>
		</dict>
		<key>F0502A331505FE2300C3E5E5</key>
		<dict>
			<key>fileRef</key>
			<string>F0502A301505FE2300C3E5E5</string>
			<key>isa</key>
			<string>PBXBuildFile</string>
		</dict>
		<key>F0502A341505FE2300C3E5E5</key>
		<dict>
			<key>fileRef</key>
			<string>F0502A311505FE2300C3E5E5</string>
			<key>isa</key>
			<string>PBXBuildFile</string>
		</dict>
		<key>F0502A351505FE3D00C3E5E5</key>
		<dict>
			<key>fileEncoding</key>
			<string>4</string>
			<key>isa</key>
			<string>PBXFileReference</string>
			<key>lastKnownFileType</key>
			<string>sourcecode.c.h</string>
			<key>path</key>
			<string>AppDelegate.h</string>
			<key>sourceTree</key>
			<string>SOURCE_ROOT</string>
		</dict>
		<key>F0502A361505FE3D00C3E5E5</key>
		<dict>
			<key>fileEncoding</key>
			<string>4</string>
			<key>isa</key>
			<string>PBXFileReference</string>
			<key>lastKnownFileType</key>
			<string>sourcecode.c.objc</string>
			<key>path</key>
			<string>AppDelegate.m</string>
			<key>sourceTree</key>
			<string>SOURCE_ROOT</string>
		</dict>
		<key>F0502A371505FE3D00C3E5E5</key>
		<dict>
			<key>fileEncoding</key>
			<string>4</string>
			<key>isa</key>
			<string>PBXFileReference</string>
			<key>lastKnownFileType</key>
			<string>sourcecode.c.h</string>
			<key>path</key>
			<string>SendMsgToWeChatViewController.h</string>
			<key>sourceTree</key>
			<string>SOURCE_ROOT</string>
		</dict>
		<key>F0502A381505FE3D00C3E5E5</key>
		<dict>
			<key>fileEncoding</key>
			<string>4</string>
			<key>isa</key>
			<string>PBXFileReference</string>
			<key>lastKnownFileType</key>
			<string>sourcecode.c.objc</string>
			<key>path</key>
			<string>SendMsgToWeChatViewController.m</string>
			<key>sourceTree</key>
			<string>SOURCE_ROOT</string>
		</dict>
		<key>F0502A391505FE3D00C3E5E5</key>
		<dict>
			<key>fileRef</key>
			<string>F0502A361505FE3D00C3E5E5</string>
			<key>isa</key>
			<string>PBXBuildFile</string>
		</dict>
		<key>F0502A3A1505FE3D00C3E5E5</key>
		<dict>
			<key>fileRef</key>
			<string>F0502A381505FE3D00C3E5E5</string>
			<key>isa</key>
			<string>PBXBuildFile</string>
		</dict>
		<key>F0502A3B1506011100C3E5E5</key>
		<dict>
			<key>children</key>
			<array>
				<string>F0502A3C1506011100C3E5E5</string>
			</array>
			<key>isa</key>
			<string>PBXVariantGroup</string>
			<key>name</key>
			<string>InfoPlist.strings</string>
			<key>sourceTree</key>
			<string>&lt;group&gt;</string>
		</dict>
		<key>F0502A3C1506011100C3E5E5</key>
		<dict>
			<key>isa</key>
			<string>PBXFileReference</string>
			<key>lastKnownFileType</key>
			<string>text.plist.strings</string>
			<key>name</key>
			<string>en</string>
			<key>path</key>
			<string>en.lproj/InfoPlist.strings</string>
			<key>sourceTree</key>
			<string>SOURCE_ROOT</string>
		</dict>
		<key>F0502A3D1506011100C3E5E5</key>
		<dict>
			<key>children</key>
			<array>
				<string>F0502A3E1506011100C3E5E5</string>
			</array>
			<key>isa</key>
			<string>PBXVariantGroup</string>
			<key>name</key>
			<string>ViewController_iPad.xib</string>
			<key>sourceTree</key>
			<string>&lt;group&gt;</string>
		</dict>
		<key>F0502A3E1506011100C3E5E5</key>
		<dict>
			<key>isa</key>
			<string>PBXFileReference</string>
			<key>lastKnownFileType</key>
			<string>file.xib</string>
			<key>name</key>
			<string>en</string>
			<key>path</key>
			<string>en.lproj/ViewController_iPad.xib</string>
			<key>sourceTree</key>
			<string>SOURCE_ROOT</string>
		</dict>
		<key>F0502A3F1506011100C3E5E5</key>
		<dict>
			<key>children</key>
			<array>
				<string>F0502A401506011100C3E5E5</string>
			</array>
			<key>isa</key>
			<string>PBXVariantGroup</string>
			<key>name</key>
			<string>ViewController_iPhone.xib</string>
			<key>sourceTree</key>
			<string>&lt;group&gt;</string>
		</dict>
		<key>F0502A401506011100C3E5E5</key>
		<dict>
			<key>isa</key>
			<string>PBXFileReference</string>
			<key>lastKnownFileType</key>
			<string>file.xib</string>
			<key>name</key>
			<string>en</string>
			<key>path</key>
			<string>en.lproj/ViewController_iPhone.xib</string>
			<key>sourceTree</key>
			<string>SOURCE_ROOT</string>
		</dict>
		<key>F0502A411506011100C3E5E5</key>
		<dict>
			<key>fileRef</key>
			<string>F0502A3B1506011100C3E5E5</string>
			<key>isa</key>
			<string>PBXBuildFile</string>
		</dict>
		<key>F0502A421506011100C3E5E5</key>
		<dict>
			<key>fileRef</key>
			<string>F0502A3D1506011100C3E5E5</string>
			<key>isa</key>
			<string>PBXBuildFile</string>
		</dict>
		<key>F0502A431506011100C3E5E5</key>
		<dict>
			<key>fileRef</key>
			<string>F0502A3F1506011100C3E5E5</string>
			<key>isa</key>
			<string>PBXBuildFile</string>
		</dict>
		<key>F0A8151F1514726A00F72842</key>
		<dict>
			<key>isa</key>
			<string>PBXFileReference</string>
			<key>lastKnownFileType</key>
			<string>image.jpeg</string>
			<key>path</key>
			<string>res1.jpg</string>
			<key>sourceTree</key>
			<string>SOURCE_ROOT</string>
		</dict>
		<key>F0A815211514726A00F72842</key>
		<dict>
			<key>isa</key>
			<string>PBXFileReference</string>
			<key>lastKnownFileType</key>
			<string>image.jpeg</string>
			<key>path</key>
			<string>res3.jpg</string>
			<key>sourceTree</key>
			<string>SOURCE_ROOT</string>
		</dict>
		<key>F0A815221514726A00F72842</key>
		<dict>
			<key>isa</key>
			<string>PBXFileReference</string>
			<key>lastKnownFileType</key>
			<string>image.jpeg</string>
			<key>path</key>
			<string>res4.jpg</string>
			<key>sourceTree</key>
			<string>SOURCE_ROOT</string>
		</dict>
		<key>F0A815231514726A00F72842</key>
		<dict>
			<key>fileRef</key>
			<string>F0A8151F1514726A00F72842</string>
			<key>isa</key>
			<string>PBXBuildFile</string>
		</dict>
		<key>F0A815251514726A00F72842</key>
		<dict>
			<key>fileRef</key>
			<string>F0A815211514726A00F72842</string>
			<key>isa</key>
			<string>PBXBuildFile</string>
		</dict>
		<key>F0A815261514726A00F72842</key>
		<dict>
			<key>fileRef</key>
			<string>F0A815221514726A00F72842</string>
			<key>isa</key>
			<string>PBXBuildFile</string>
		</dict>
	</dict>
	<key>rootObject</key>
	<string>F05029901505F71700C3E5E5</string>
</dict>
</plist>
